
Microsoft Visual Studio Solution File, Format Version 12.00
# Visual Studio Version 17
VisualStudioVersion = 17.3.32825.248
MinimumVisualStudioVersion = 10.0.40219.1
Project("{2150E333-8FDC-42A3-9474-1A3956D46DE8}") = "01. Unit_Testing_with_xUnit_and_MOQ", "01. Unit_Testing_with_xUnit_and_MOQ", "{45E205F9-324F-465B-8A8F-A2BCCAEE0778}"
EndProject
Project("{2150E333-8FDC-42A3-9474-1A3956D46DE8}") = "Sources", "Sources", "{7DCD2D7A-282E-4817-8D7A-2F53AE729323}"
EndProject
Project("{2150E333-8FDC-42A3-9474-1A3956D46DE8}") = "Tests", "Tests", "{05C004EB-1FF9-4552-9F65-94E2C8BC1134}"
EndProject
Project("{9A19103F-16F7-4668-BE54-9A1E7A4F7556}") = "Calculations", "01. Unit_Testing_with_xUnit_and_MOQ\Soures\Calculations\Calculations.csproj", "{C9C7E358-FBAA-4207-AB43-095219C5ED28}"
EndProject
Project("{9A19103F-16F7-4668-BE54-9A1E7A4F7556}") = "Calculations.Tests", "01. Unit_Testing_with_xUnit_and_MOQ\Tests\Calculations.Tests\Calculations.Tests.csproj", "{DF65594E-87AF-4D05-B7AD-12750E47B212}"
EndProject
Project("{2150E333-8FDC-42A3-9474-1A3956D46DE8}") = "02. PersonalPhotos", "02. PersonalPhotos", "{92C328B5-B79B-4C44-9D39-4B76CBFBF355}"
EndProject
Project("{2150E333-8FDC-42A3-9474-1A3956D46DE8}") = "Sources", "Sources", "{2B98118C-3A7A-4574-95FC-40BD4EA78550}"
EndProject
Project("{2150E333-8FDC-42A3-9474-1A3956D46DE8}") = "Tests", "Tests", "{9FD78F8C-4260-46C0-9388-82116E3E672E}"
EndProject
Project("{9A19103F-16F7-4668-BE54-9A1E7A4F7556}") = "Core", "..\PersonalPhotos\Sources\Core\Core.csproj", "{B313CB30-2A0D-457A-AF3E-F43A3641D1F6}"
EndProject
Project("{9A19103F-16F7-4668-BE54-9A1E7A4F7556}") = "PersonalPhotos", "..\PersonalPhotos\Sources\PersonalPhotos\PersonalPhotos.csproj", "{55869FAD-26D3-47CA-869B-B80925087014}"
EndProject
Project("{9A19103F-16F7-4668-BE54-9A1E7A4F7556}") = "PersonalPhotos.Test", "..\PersonalPhotos\Tests\PersonalPhotos.Test\PersonalPhotos.Test.csproj", "{BA48D48A-2841-4BA2-AAB1-5B573C168C05}"
EndProject
Project("{2150E333-8FDC-42A3-9474-1A3956D46DE8}") = "03. LegacyTesting", "03. LegacyTesting", "{E5CA7D53-EE60-4DA9-A69E-1643EA3F1CBF}"
EndProject
Project("{2150E333-8FDC-42A3-9474-1A3956D46DE8}") = "Sources", "Sources", "{0C621092-18DA-40AB-95FC-56C73497864D}"
EndProject
Project("{2150E333-8FDC-42A3-9474-1A3956D46DE8}") = "Tests", "Tests", "{97DB0E29-C8FE-4572-99CB-F6AA4CA540BA}"
EndProject
Project("{FAE04EC0-301F-11D3-BF4B-00C04F79EFBC}") = "SproutMethod.Tests", "03. LegacyTesting\Tests\SproutMethod.Tests\SproutMethod.Tests.csproj", "{38912F2B-0BBC-41FB-87E9-2B2B1852209D}"
EndProject
Project("{FAE04EC0-301F-11D3-BF4B-00C04F79EFBC}") = "SproutMethod", "03. LegacyTesting\Sources\SproutMethod\SproutMethod.csproj", "{D16AD414-430D-4219-ACB1-D4FFABEBC7FB}"
EndProject
Project("{FAE04EC0-301F-11D3-BF4B-00C04F79EFBC}") = "SproutClass.Tests", "03. LegacyTesting\Tests\SproutClass.Tests\SproutClass.Tests.csproj", "{6E8FAF29-22E6-4C41-AE90-2B8AE8EB6596}"
EndProject
Project("{FAE04EC0-301F-11D3-BF4B-00C04F79EFBC}") = "SproutClass", "03. LegacyTesting\Sources\SproutClass\SproutClass.csproj", "{9A8C17EB-2F4E-45B7-A0D8-DE170B061704}"
EndProject
Global
	GlobalSection(SolutionConfigurationPlatforms) = preSolution
		Debug|Any CPU = Debug|Any CPU
		Release|Any CPU = Release|Any CPU
	EndGlobalSection
	GlobalSection(ProjectConfigurationPlatforms) = postSolution
		{C9C7E358-FBAA-4207-AB43-095219C5ED28}.Debug|Any CPU.ActiveCfg = Debug|Any CPU
		{C9C7E358-FBAA-4207-AB43-095219C5ED28}.Debug|Any CPU.Build.0 = Debug|Any CPU
		{C9C7E358-FBAA-4207-AB43-095219C5ED28}.Release|Any CPU.ActiveCfg = Release|Any CPU
		{C9C7E358-FBAA-4207-AB43-095219C5ED28}.Release|Any CPU.Build.0 = Release|Any CPU
		{DF65594E-87AF-4D05-B7AD-12750E47B212}.Debug|Any CPU.ActiveCfg = Debug|Any CPU
		{DF65594E-87AF-4D05-B7AD-12750E47B212}.Debug|Any CPU.Build.0 = Debug|Any CPU
		{DF65594E-87AF-4D05-B7AD-12750E47B212}.Release|Any CPU.ActiveCfg = Release|Any CPU
		{DF65594E-87AF-4D05-B7AD-12750E47B212}.Release|Any CPU.Build.0 = Release|Any CPU
		{B313CB30-2A0D-457A-AF3E-F43A3641D1F6}.Debug|Any CPU.ActiveCfg = Debug|Any CPU
		{B313CB30-2A0D-457A-AF3E-F43A3641D1F6}.Debug|Any CPU.Build.0 = Debug|Any CPU
		{B313CB30-2A0D-457A-AF3E-F43A3641D1F6}.Release|Any CPU.ActiveCfg = Release|Any CPU
		{B313CB30-2A0D-457A-AF3E-F43A3641D1F6}.Release|Any CPU.Build.0 = Release|Any CPU
		{55869FAD-26D3-47CA-869B-B80925087014}.Debug|Any CPU.ActiveCfg = Debug|Any CPU
		{55869FAD-26D3-47CA-869B-B80925087014}.Debug|Any CPU.Build.0 = Debug|Any CPU
		{55869FAD-26D3-47CA-869B-B80925087014}.Release|Any CPU.ActiveCfg = Release|Any CPU
		{55869FAD-26D3-47CA-869B-B80925087014}.Release|Any CPU.Build.0 = Release|Any CPU
		{BA48D48A-2841-4BA2-AAB1-5B573C168C05}.Debug|Any CPU.ActiveCfg = Debug|Any CPU
		{BA48D48A-2841-4BA2-AAB1-5B573C168C05}.Debug|Any CPU.Build.0 = Debug|Any CPU
		{BA48D48A-2841-4BA2-AAB1-5B573C168C05}.Release|Any CPU.ActiveCfg = Release|Any CPU
		{BA48D48A-2841-4BA2-AAB1-5B573C168C05}.Release|Any CPU.Build.0 = Release|Any CPU
		{38912F2B-0BBC-41FB-87E9-2B2B1852209D}.Debug|Any CPU.ActiveCfg = Debug|Any CPU
		{38912F2B-0BBC-41FB-87E9-2B2B1852209D}.Debug|Any CPU.Build.0 = Debug|Any CPU
		{38912F2B-0BBC-41FB-87E9-2B2B1852209D}.Release|Any CPU.ActiveCfg = Release|Any CPU
		{38912F2B-0BBC-41FB-87E9-2B2B1852209D}.Release|Any CPU.Build.0 = Release|Any CPU
		{D16AD414-430D-4219-ACB1-D4FFABEBC7FB}.Debug|Any CPU.ActiveCfg = Debug|Any CPU
		{D16AD414-430D-4219-ACB1-D4FFABEBC7FB}.Debug|Any CPU.Build.0 = Debug|Any CPU
		{D16AD414-430D-4219-ACB1-D4FFABEBC7FB}.Release|Any CPU.ActiveCfg = Release|Any CPU
		{D16AD414-430D-4219-ACB1-D4FFABEBC7FB}.Release|Any CPU.Build.0 = Release|Any CPU
		{6E8FAF29-22E6-4C41-AE90-2B8AE8EB6596}.Debug|Any CPU.ActiveCfg = Debug|Any CPU
		{6E8FAF29-22E6-4C41-AE90-2B8AE8EB6596}.Debug|Any CPU.Build.0 = Debug|Any CPU
		{6E8FAF29-22E6-4C41-AE90-2B8AE8EB6596}.Release|Any CPU.ActiveCfg = Release|Any CPU
		{6E8FAF29-22E6-4C41-AE90-2B8AE8EB6596}.Release|Any CPU.Build.0 = Release|Any CPU
		{9A8C17EB-2F4E-45B7-A0D8-DE170B061704}.Debug|Any CPU.ActiveCfg = Debug|Any CPU
		{9A8C17EB-2F4E-45B7-A0D8-DE170B061704}.Debug|Any CPU.Build.0 = Debug|Any CPU
		{9A8C17EB-2F4E-45B7-A0D8-DE170B061704}.Release|Any CPU.ActiveCfg = Release|Any CPU
		{9A8C17EB-2F4E-45B7-A0D8-DE170B061704}.Release|Any CPU.Build.0 = Release|Any CPU
	EndGlobalSection
	GlobalSection(SolutionProperties) = preSolution
		HideSolutionNode = FALSE
	EndGlobalSection
	GlobalSection(NestedProjects) = preSolution
		{7DCD2D7A-282E-4817-8D7A-2F53AE729323} = {45E205F9-324F-465B-8A8F-A2BCCAEE0778}
		{05C004EB-1FF9-4552-9F65-94E2C8BC1134} = {45E205F9-324F-465B-8A8F-A2BCCAEE0778}
		{C9C7E358-FBAA-4207-AB43-095219C5ED28} = {7DCD2D7A-282E-4817-8D7A-2F53AE729323}
		{DF65594E-87AF-4D05-B7AD-12750E47B212} = {05C004EB-1FF9-4552-9F65-94E2C8BC1134}
		{2B98118C-3A7A-4574-95FC-40BD4EA78550} = {92C328B5-B79B-4C44-9D39-4B76CBFBF355}
		{9FD78F8C-4260-46C0-9388-82116E3E672E} = {92C328B5-B79B-4C44-9D39-4B76CBFBF355}
		{B313CB30-2A0D-457A-AF3E-F43A3641D1F6} = {2B98118C-3A7A-4574-95FC-40BD4EA78550}
		{55869FAD-26D3-47CA-869B-B80925087014} = {2B98118C-3A7A-4574-95FC-40BD4EA78550}
		{BA48D48A-2841-4BA2-AAB1-5B573C168C05} = {9FD78F8C-4260-46C0-9388-82116E3E672E}
		{0C621092-18DA-40AB-95FC-56C73497864D} = {E5CA7D53-EE60-4DA9-A69E-1643EA3F1CBF}
		{97DB0E29-C8FE-4572-99CB-F6AA4CA540BA} = {E5CA7D53-EE60-4DA9-A69E-1643EA3F1CBF}
		{38912F2B-0BBC-41FB-87E9-2B2B1852209D} = {97DB0E29-C8FE-4572-99CB-F6AA4CA540BA}
		{D16AD414-430D-4219-ACB1-D4FFABEBC7FB} = {0C621092-18DA-40AB-95FC-56C73497864D}
		{6E8FAF29-22E6-4C41-AE90-2B8AE8EB6596} = {97DB0E29-C8FE-4572-99CB-F6AA4CA540BA}
		{9A8C17EB-2F4E-45B7-A0D8-DE170B061704} = {0C621092-18DA-40AB-95FC-56C73497864D}
	EndGlobalSection
	GlobalSection(ExtensibilityGlobals) = postSolution
		SolutionGuid = {8DCFDEB5-F4B2-439F-B326-2C4949A9BE5A}
	EndGlobalSection
EndGlobal
